
Microsoft Visual Studio Solution File, Format Version 12.00
# Visual Studio Version 17
VisualStudioVersion = 17.0.31903.59
MinimumVisualStudioVersion = 10.0.40219.1
Project("{2150E333-8FDC-42A3-9474-1A3956D46DE8}") = "src", "src", "{67647597-F2C3-48E8-9297-7A7976A00F18}"
EndProject
Project("{FAE04EC0-301F-11D3-BF4B-00C04F79EFBC}") = "AccFenix.Api", "src\AccFenix.Api\AccFenix.Api.csproj", "{945BD97A-4A99-4FF7-AD54-BEABB72AFDC8}"
EndProject
Project("{2150E333-8FDC-42A3-9474-1A3956D46DE8}") = "tests", "tests", "{BD3C02F8-3FCD-47BF-A57F-12D7675B4CAD}"
EndProject
Project("{FAE04EC0-301F-11D3-BF4B-00C04F79EFBC}") = "AccFenix.Api.Tests", "tests\AccFenix.Api.Tests\AccFenix.Api.Tests.csproj", "{808E617E-970E-46F8-AD9D-9143E6743995}"
EndProject
Global
	GlobalSection(SolutionConfigurationPlatforms) = preSolution
		Debug|Any CPU = Debug|Any CPU
		Release|Any CPU = Release|Any CPU
	EndGlobalSection
	GlobalSection(SolutionProperties) = preSolution
		HideSolutionNode = FALSE
	EndGlobalSection
	GlobalSection(ProjectConfigurationPlatforms) = postSolution
		{945BD97A-4A99-4FF7-AD54-BEABB72AFDC8}.Debug|Any CPU.ActiveCfg = Debug|Any CPU
		{945BD97A-4A99-4FF7-AD54-BEABB72AFDC8}.Debug|Any CPU.Build.0 = Debug|Any CPU
		{945BD97A-4A99-4FF7-AD54-BEABB72AFDC8}.Release|Any CPU.ActiveCfg = Release|Any CPU
		{945BD97A-4A99-4FF7-AD54-BEABB72AFDC8}.Release|Any CPU.Build.0 = Release|Any CPU
		{808E617E-970E-46F8-AD9D-9143E6743995}.Debug|Any CPU.ActiveCfg = Debug|Any CPU
		{808E617E-970E-46F8-AD9D-9143E6743995}.Debug|Any CPU.Build.0 = Debug|Any CPU
		{808E617E-970E-46F8-AD9D-9143E6743995}.Release|Any CPU.ActiveCfg = Release|Any CPU
		{808E617E-970E-46F8-AD9D-9143E6743995}.Release|Any CPU.Build.0 = Release|Any CPU
	EndGlobalSection
	GlobalSection(NestedProjects) = preSolution
		{945BD97A-4A99-4FF7-AD54-BEABB72AFDC8} = {67647597-F2C3-48E8-9297-7A7976A00F18}
		{808E617E-970E-46F8-AD9D-9143E6743995} = {BD3C02F8-3FCD-47BF-A57F-12D7675B4CAD}
	EndGlobalSection
EndGlobal
